
Microsoft Visual Studio Solution File, Format Version 12.00
# Visual Studio 15
VisualStudioVersion = 15.0.28307.852
MinimumVisualStudioVersion = 10.0.40219.1
Project("{2150E333-8FDC-42A3-9474-1A3956D46DE8}") = "UnitTesting", "UnitTesting", "{55D4FD27-A973-4CCA-84EF-17419AEFA314}"
EndProject
Project("{2150E333-8FDC-42A3-9474-1A3956D46DE8}") = "WebApp", "WebApp", "{7828DA19-7976-428C-B1C6-DB730769EB5A}"
EndProject
Project("{2150E333-8FDC-42A3-9474-1A3956D46DE8}") = "DataContainer", "DataContainer", "{38114764-9916-46BE-B642-1335BB768BF3}"
EndProject
Project("{2150E333-8FDC-42A3-9474-1A3956D46DE8}") = "Middleware", "Middleware", "{61B2CF07-1322-46EE-9EB8-7E619ACBDAE7}"
EndProject
Project("{2150E333-8FDC-42A3-9474-1A3956D46DE8}") = "Web.Api", "Web.Api", "{4FA64399-47DB-42E6-BC65-D3806F478391}"
EndProject
Project("{9A19103F-16F7-4668-BE54-9A1E7A4F7556}") = "Luftborn", "Luftborn\Luftborn.csproj", "{B396CBF2-75B6-43B4-9CB0-ABB9600BC357}"
EndProject
Project("{2150E333-8FDC-42A3-9474-1A3956D46DE8}") = "Services.Mongo", "Services.Mongo", "{6A4F8B9C-A59F-4FFB-9B62-F8A24F34765E}"
EndProject
Project("{2150E333-8FDC-42A3-9474-1A3956D46DE8}") = "Services.Data", "Services.Data", "{3AF5F4EB-4BE6-463F-A39F-B2C6E5FCAA5A}"
EndProject
Project("{9A19103F-16F7-4668-BE54-9A1E7A4F7556}") = "Repository", "Repository\Repository.csproj", "{0E6FB75D-B1F5-42D4-8198-F39380664008}"
EndProject
Project("{2150E333-8FDC-42A3-9474-1A3956D46DE8}") = "Services.Data.Models", "Services.Data.Models", "{AB0B6076-49FC-45DE-92CF-FF9D7D473F36}"
EndProject
Project("{9A19103F-16F7-4668-BE54-9A1E7A4F7556}") = "Models", "Models\Models.csproj", "{C39D9CE2-3A7A-4A1E-B8FB-97C7CC218F85}"
EndProject
Project("{9A19103F-16F7-4668-BE54-9A1E7A4F7556}") = "MongoDB", "MongoDB\MongoDB.csproj", "{30C9A85F-76C4-433B-9232-FE0BF960938D}"
EndProject
Project("{9A19103F-16F7-4668-BE54-9A1E7A4F7556}") = "WebApi", "WebApi\WebApi.csproj", "{049E2C6E-53FE-48E3-AE84-7FB1636E0551}"
EndProject
Project("{FAE04EC0-301F-11D3-BF4B-00C04F79EFBC}") = "Codetest-luftborn.UnitTesting", "Codetest-luftborn.UnitTesting\Codetest-luftborn.UnitTesting.csproj", "{22BDD983-FC6F-494A-A075-CC2B47B736EF}"
EndProject
Global
	GlobalSection(SolutionConfigurationPlatforms) = preSolution
		Debug|Any CPU = Debug|Any CPU
		Release|Any CPU = Release|Any CPU
	EndGlobalSection
	GlobalSection(ProjectConfigurationPlatforms) = postSolution
		{B396CBF2-75B6-43B4-9CB0-ABB9600BC357}.Debug|Any CPU.ActiveCfg = Debug|Any CPU
		{B396CBF2-75B6-43B4-9CB0-ABB9600BC357}.Debug|Any CPU.Build.0 = Debug|Any CPU
		{B396CBF2-75B6-43B4-9CB0-ABB9600BC357}.Release|Any CPU.ActiveCfg = Release|Any CPU
		{B396CBF2-75B6-43B4-9CB0-ABB9600BC357}.Release|Any CPU.Build.0 = Release|Any CPU
		{0E6FB75D-B1F5-42D4-8198-F39380664008}.Debug|Any CPU.ActiveCfg = Debug|Any CPU
		{0E6FB75D-B1F5-42D4-8198-F39380664008}.Debug|Any CPU.Build.0 = Debug|Any CPU
		{0E6FB75D-B1F5-42D4-8198-F39380664008}.Release|Any CPU.ActiveCfg = Release|Any CPU
		{0E6FB75D-B1F5-42D4-8198-F39380664008}.Release|Any CPU.Build.0 = Release|Any CPU
		{C39D9CE2-3A7A-4A1E-B8FB-97C7CC218F85}.Debug|Any CPU.ActiveCfg = Debug|Any CPU
		{C39D9CE2-3A7A-4A1E-B8FB-97C7CC218F85}.Debug|Any CPU.Build.0 = Debug|Any CPU
		{C39D9CE2-3A7A-4A1E-B8FB-97C7CC218F85}.Release|Any CPU.ActiveCfg = Release|Any CPU
		{C39D9CE2-3A7A-4A1E-B8FB-97C7CC218F85}.Release|Any CPU.Build.0 = Release|Any CPU
		{30C9A85F-76C4-433B-9232-FE0BF960938D}.Debug|Any CPU.ActiveCfg = Debug|Any CPU
		{30C9A85F-76C4-433B-9232-FE0BF960938D}.Debug|Any CPU.Build.0 = Debug|Any CPU
		{30C9A85F-76C4-433B-9232-FE0BF960938D}.Release|Any CPU.ActiveCfg = Release|Any CPU
		{30C9A85F-76C4-433B-9232-FE0BF960938D}.Release|Any CPU.Build.0 = Release|Any CPU
		{049E2C6E-53FE-48E3-AE84-7FB1636E0551}.Debug|Any CPU.ActiveCfg = Debug|Any CPU
		{049E2C6E-53FE-48E3-AE84-7FB1636E0551}.Debug|Any CPU.Build.0 = Debug|Any CPU
		{049E2C6E-53FE-48E3-AE84-7FB1636E0551}.Release|Any CPU.ActiveCfg = Release|Any CPU
		{049E2C6E-53FE-48E3-AE84-7FB1636E0551}.Release|Any CPU.Build.0 = Release|Any CPU
		{22BDD983-FC6F-494A-A075-CC2B47B736EF}.Debug|Any CPU.ActiveCfg = Debug|Any CPU
		{22BDD983-FC6F-494A-A075-CC2B47B736EF}.Debug|Any CPU.Build.0 = Debug|Any CPU
		{22BDD983-FC6F-494A-A075-CC2B47B736EF}.Release|Any CPU.ActiveCfg = Release|Any CPU
		{22BDD983-FC6F-494A-A075-CC2B47B736EF}.Release|Any CPU.Build.0 = Release|Any CPU
	EndGlobalSection
	GlobalSection(SolutionProperties) = preSolution
		HideSolutionNode = FALSE
	EndGlobalSection
	GlobalSection(NestedProjects) = preSolution
		{4FA64399-47DB-42E6-BC65-D3806F478391} = {61B2CF07-1322-46EE-9EB8-7E619ACBDAE7}
		{B396CBF2-75B6-43B4-9CB0-ABB9600BC357} = {7828DA19-7976-428C-B1C6-DB730769EB5A}
		{6A4F8B9C-A59F-4FFB-9B62-F8A24F34765E} = {38114764-9916-46BE-B642-1335BB768BF3}
		{3AF5F4EB-4BE6-463F-A39F-B2C6E5FCAA5A} = {61B2CF07-1322-46EE-9EB8-7E619ACBDAE7}
		{0E6FB75D-B1F5-42D4-8198-F39380664008} = {3AF5F4EB-4BE6-463F-A39F-B2C6E5FCAA5A}
		{AB0B6076-49FC-45DE-92CF-FF9D7D473F36} = {61B2CF07-1322-46EE-9EB8-7E619ACBDAE7}
		{C39D9CE2-3A7A-4A1E-B8FB-97C7CC218F85} = {AB0B6076-49FC-45DE-92CF-FF9D7D473F36}
		{30C9A85F-76C4-433B-9232-FE0BF960938D} = {6A4F8B9C-A59F-4FFB-9B62-F8A24F34765E}
		{049E2C6E-53FE-48E3-AE84-7FB1636E0551} = {4FA64399-47DB-42E6-BC65-D3806F478391}
		{22BDD983-FC6F-494A-A075-CC2B47B736EF} = {55D4FD27-A973-4CCA-84EF-17419AEFA314}
	EndGlobalSection
	GlobalSection(ExtensibilityGlobals) = postSolution
		SolutionGuid = {6A081098-C000-4490-8640-A7D1F5074FDF}
	EndGlobalSection
EndGlobal
